
Microsoft Visual Studio Solution File, Format Version 12.00
# Visual Studio Version 17
VisualStudioVersion = 17.0.32112.339
MinimumVisualStudioVersion = 10.0.40219.1
Project("{FAE04EC0-301F-11D3-BF4B-00C04F79EFBC}") = "DeclaringListInt", "DeclaringListInt\DeclaringListInt.csproj", "{C18B33AE-9350-42A1-8E68-5508CCC24B71}"
EndProject
Global
	GlobalSection(SolutionConfigurationPlatforms) = preSolution
		Debug|Any CPU = Debug|Any CPU
		Release|Any CPU = Release|Any CPU
	EndGlobalSection
	GlobalSection(ProjectConfigurationPlatforms) = postSolution
		{C18B33AE-9350-42A1-8E68-5508CCC24B71}.Debug|Any CPU.ActiveCfg = Debug|Any CPU
		{C18B33AE-9350-42A1-8E68-5508CCC24B71}.Debug|Any CPU.Build.0 = Debug|Any CPU
		{C18B33AE-9350-42A1-8E68-5508CCC24B71}.Release|Any CPU.ActiveCfg = Release|Any CPU
		{C18B33AE-9350-42A1-8E68-5508CCC24B71}.Release|Any CPU.Build.0 = Release|Any CPU
	EndGlobalSection
	GlobalSection(SolutionProperties) = preSolution
		HideSolutionNode = FALSE
	EndGlobalSection
	GlobalSection(ExtensibilityGlobals) = postSolution
		SolutionGuid = {3845934B-2B3D-4A3D-97CA-1E1EEA3A655F}
	EndGlobalSection
EndGlobal
