
Microsoft Visual Studio Solution File, Format Version 12.00
# Visual Studio Version 17
VisualStudioVersion = 17.0.32112.339
MinimumVisualStudioVersion = 10.0.40219.1
Project("{FAE04EC0-301F-11D3-BF4B-00C04F79EFBC}") = "Day20Project4", "Day20Project4\Day20Project4.csproj", "{2AF6B529-4B58-4177-93E8-99819562B548}"
EndProject
Global
	GlobalSection(SolutionConfigurationPlatforms) = preSolution
		Debug|Any CPU = Debug|Any CPU
		Release|Any CPU = Release|Any CPU
	EndGlobalSection
	GlobalSection(ProjectConfigurationPlatforms) = postSolution
		{2AF6B529-4B58-4177-93E8-99819562B548}.Debug|Any CPU.ActiveCfg = Debug|Any CPU
		{2AF6B529-4B58-4177-93E8-99819562B548}.Debug|Any CPU.Build.0 = Debug|Any CPU
		{2AF6B529-4B58-4177-93E8-99819562B548}.Release|Any CPU.ActiveCfg = Release|Any CPU
		{2AF6B529-4B58-4177-93E8-99819562B548}.Release|Any CPU.Build.0 = Release|Any CPU
	EndGlobalSection
	GlobalSection(SolutionProperties) = preSolution
		HideSolutionNode = FALSE
	EndGlobalSection
	GlobalSection(ExtensibilityGlobals) = postSolution
		SolutionGuid = {F1B894BA-73BA-4FB2-AFA2-7B717CF1CFFB}
	EndGlobalSection
EndGlobal
