
Microsoft Visual Studio Solution File, Format Version 12.00
# Visual Studio Version 17
VisualStudioVersion = 17.0.32112.339
MinimumVisualStudioVersion = 10.0.40219.1
Project("{FAE04EC0-301F-11D3-BF4B-00C04F79EFBC}") = "MyWeb", "MyWeb\MyWeb.csproj", "{64DB605A-DA7D-4A86-95A0-3F725BF8AB2A}"
EndProject
Global
	GlobalSection(SolutionConfigurationPlatforms) = preSolution
		Debug|Any CPU = Debug|Any CPU
		Release|Any CPU = Release|Any CPU
	EndGlobalSection
	GlobalSection(ProjectConfigurationPlatforms) = postSolution
		{64DB605A-DA7D-4A86-95A0-3F725BF8AB2A}.Debug|Any CPU.ActiveCfg = Debug|Any CPU
		{64DB605A-DA7D-4A86-95A0-3F725BF8AB2A}.Debug|Any CPU.Build.0 = Debug|Any CPU
		{64DB605A-DA7D-4A86-95A0-3F725BF8AB2A}.Release|Any CPU.ActiveCfg = Release|Any CPU
		{64DB605A-DA7D-4A86-95A0-3F725BF8AB2A}.Release|Any CPU.Build.0 = Release|Any CPU
	EndGlobalSection
	GlobalSection(SolutionProperties) = preSolution
		HideSolutionNode = FALSE
	EndGlobalSection
	GlobalSection(ExtensibilityGlobals) = postSolution
		SolutionGuid = {24E01FA8-0EA0-44C7-9D9E-77510CBAD7AA}
	EndGlobalSection
EndGlobal
