
Microsoft Visual Studio Solution File, Format Version 12.00
# Visual Studio Version 17
VisualStudioVersion = 17.0.32112.339
MinimumVisualStudioVersion = 10.0.40219.1
Project("{FAE04EC0-301F-11D3-BF4B-00C04F79EFBC}") = "Day8project2", "Day8project2\Day8project2.csproj", "{2D2E3B53-E2FE-4A0E-AC80-A577FC0934C4}"
EndProject
Global
	GlobalSection(SolutionConfigurationPlatforms) = preSolution
		Debug|Any CPU = Debug|Any CPU
		Release|Any CPU = Release|Any CPU
	EndGlobalSection
	GlobalSection(ProjectConfigurationPlatforms) = postSolution
		{2D2E3B53-E2FE-4A0E-AC80-A577FC0934C4}.Debug|Any CPU.ActiveCfg = Debug|Any CPU
		{2D2E3B53-E2FE-4A0E-AC80-A577FC0934C4}.Debug|Any CPU.Build.0 = Debug|Any CPU
		{2D2E3B53-E2FE-4A0E-AC80-A577FC0934C4}.Release|Any CPU.ActiveCfg = Release|Any CPU
		{2D2E3B53-E2FE-4A0E-AC80-A577FC0934C4}.Release|Any CPU.Build.0 = Release|Any CPU
	EndGlobalSection
	GlobalSection(SolutionProperties) = preSolution
		HideSolutionNode = FALSE
	EndGlobalSection
	GlobalSection(ExtensibilityGlobals) = postSolution
		SolutionGuid = {D130BA8D-DAAA-4579-B6A6-8F95DEACCF71}
	EndGlobalSection
EndGlobal
