
Microsoft Visual Studio Solution File, Format Version 12.00
# Visual Studio Version 17
VisualStudioVersion = 17.0.32112.339
MinimumVisualStudioVersion = 10.0.40219.1
Project("{FAE04EC0-301F-11D3-BF4B-00C04F79EFBC}") = "Day19Project1", "Day19Project1\Day19Project1.csproj", "{23810052-3F01-473B-8550-D624F572C094}"
EndProject
Global
	GlobalSection(SolutionConfigurationPlatforms) = preSolution
		Debug|Any CPU = Debug|Any CPU
		Release|Any CPU = Release|Any CPU
	EndGlobalSection
	GlobalSection(ProjectConfigurationPlatforms) = postSolution
		{23810052-3F01-473B-8550-D624F572C094}.Debug|Any CPU.ActiveCfg = Debug|Any CPU
		{23810052-3F01-473B-8550-D624F572C094}.Debug|Any CPU.Build.0 = Debug|Any CPU
		{23810052-3F01-473B-8550-D624F572C094}.Release|Any CPU.ActiveCfg = Release|Any CPU
		{23810052-3F01-473B-8550-D624F572C094}.Release|Any CPU.Build.0 = Release|Any CPU
	EndGlobalSection
	GlobalSection(SolutionProperties) = preSolution
		HideSolutionNode = FALSE
	EndGlobalSection
	GlobalSection(ExtensibilityGlobals) = postSolution
		SolutionGuid = {E453BD5A-6CAF-4E44-818B-E841B54CD7A6}
	EndGlobalSection
EndGlobal
