
Microsoft Visual Studio Solution File, Format Version 12.00
# Visual Studio Version 17
VisualStudioVersion = 17.0.32112.339
MinimumVisualStudioVersion = 10.0.40219.1
Project("{FAE04EC0-301F-11D3-BF4B-00C04F79EFBC}") = "BusinessLogicLibrary", "BusinessLogicLibrary\BusinessLogicLibrary.csproj", "{42822F1D-0115-4937-9448-3B1EA5E06D1F}"
EndProject
Project("{FAE04EC0-301F-11D3-BF4B-00C04F79EFBC}") = "DataAccessLibrary", "DataAccessLibrary\DataAccessLibrary.csproj", "{68C8348E-7AEE-4492-B2BC-38572FA48CE1}"
EndProject
Project("{FAE04EC0-301F-11D3-BF4B-00C04F79EFBC}") = "MyClientApp", "MyClientApp\MyClientApp.csproj", "{B43CBB60-C5C8-404F-9DAD-1B819F805BB2}"
EndProject
Global
	GlobalSection(SolutionConfigurationPlatforms) = preSolution
		Debug|Any CPU = Debug|Any CPU
		Release|Any CPU = Release|Any CPU
	EndGlobalSection
	GlobalSection(ProjectConfigurationPlatforms) = postSolution
		{42822F1D-0115-4937-9448-3B1EA5E06D1F}.Debug|Any CPU.ActiveCfg = Debug|Any CPU
		{42822F1D-0115-4937-9448-3B1EA5E06D1F}.Debug|Any CPU.Build.0 = Debug|Any CPU
		{42822F1D-0115-4937-9448-3B1EA5E06D1F}.Release|Any CPU.ActiveCfg = Release|Any CPU
		{42822F1D-0115-4937-9448-3B1EA5E06D1F}.Release|Any CPU.Build.0 = Release|Any CPU
		{68C8348E-7AEE-4492-B2BC-38572FA48CE1}.Debug|Any CPU.ActiveCfg = Debug|Any CPU
		{68C8348E-7AEE-4492-B2BC-38572FA48CE1}.Debug|Any CPU.Build.0 = Debug|Any CPU
		{68C8348E-7AEE-4492-B2BC-38572FA48CE1}.Release|Any CPU.ActiveCfg = Release|Any CPU
		{68C8348E-7AEE-4492-B2BC-38572FA48CE1}.Release|Any CPU.Build.0 = Release|Any CPU
		{B43CBB60-C5C8-404F-9DAD-1B819F805BB2}.Debug|Any CPU.ActiveCfg = Debug|Any CPU
		{B43CBB60-C5C8-404F-9DAD-1B819F805BB2}.Debug|Any CPU.Build.0 = Debug|Any CPU
		{B43CBB60-C5C8-404F-9DAD-1B819F805BB2}.Release|Any CPU.ActiveCfg = Release|Any CPU
		{B43CBB60-C5C8-404F-9DAD-1B819F805BB2}.Release|Any CPU.Build.0 = Release|Any CPU
	EndGlobalSection
	GlobalSection(SolutionProperties) = preSolution
		HideSolutionNode = FALSE
	EndGlobalSection
	GlobalSection(ExtensibilityGlobals) = postSolution
		SolutionGuid = {6583AB94-C324-47E1-AC93-331A26E42CBB}
	EndGlobalSection
EndGlobal
